
Microsoft Visual Studio Solution File, Format Version 12.00
# Visual Studio Version 17
VisualStudioVersion = 17.0.31912.275
MinimumVisualStudioVersion = 10.0.40219.1
Project("{FAE04EC0-301F-11D3-BF4B-00C04F79EFBC}") = "LessShipPower", "LessShipPower\LessShipPower.csproj", "{1312CF2A-6A26-46C4-BA5C-E4B80A31F487}"
EndProject
Global
	GlobalSection(SolutionConfigurationPlatforms) = preSolution
		Debug|Any CPU = Debug|Any CPU
		Release|Any CPU = Release|Any CPU
	EndGlobalSection
	GlobalSection(ProjectConfigurationPlatforms) = postSolution
		{1312CF2A-6A26-46C4-BA5C-E4B80A31F487}.Debug|Any CPU.ActiveCfg = Debug|Any CPU
		{1312CF2A-6A26-46C4-BA5C-E4B80A31F487}.Debug|Any CPU.Build.0 = Debug|Any CPU
		{1312CF2A-6A26-46C4-BA5C-E4B80A31F487}.Release|Any CPU.ActiveCfg = Release|Any CPU
		{1312CF2A-6A26-46C4-BA5C-E4B80A31F487}.Release|Any CPU.Build.0 = Release|Any CPU
	EndGlobalSection
	GlobalSection(SolutionProperties) = preSolution
		HideSolutionNode = FALSE
	EndGlobalSection
	GlobalSection(ExtensibilityGlobals) = postSolution
		SolutionGuid = {EE977A93-A856-4800-9FC0-E9344657EE78}
	EndGlobalSection
EndGlobal
